Microsoft Visual Studio Solution File, Format Version 12.00
# Visual Studio Version 17
VisualStudioVersion = 17.5.2.0
MinimumVisualStudioVersion = 10.0.40219.1
Project("{FAE04EC0-301F-11D3-BF4B-00C04F79EFBC}") = "WebStarServer", "webstar-server-dotnet\WebStarServer.csproj", "{0F1856DA-F5F6-047E-B96B-9E24AC754139}"
EndProject
Project("{2150E333-8FDC-42A3-9474-1A3956D46DE8}") = "webstar-server-dotnet", "webstar-server-dotnet", "{7F3D6FCD-4246-00CD-D3EE-7F2DB698E96B}"
EndProject
Project("{FAE04EC0-301F-11D3-BF4B-00C04F79EFBC}") = "WebStarServer", "webstar-server-dotnet\WebStarServer\WebStarServer.csproj", "{558847CB-4F0B-0F28-D820-4886B64C8A1E}"
EndProject
Global
	GlobalSection(SolutionConfigurationPlatforms) = preSolution
		Debug|Any CPU = Debug|Any CPU
		Release|Any CPU = Release|Any CPU
	EndGlobalSection
	GlobalSection(ProjectConfigurationPlatforms) = postSolution
		{0F1856DA-F5F6-047E-B96B-9E24AC754139}.Debug|Any CPU.ActiveCfg = Debug|Any CPU
		{0F1856DA-F5F6-047E-B96B-9E24AC754139}.Debug|Any CPU.Build.0 = Debug|Any CPU
		{0F1856DA-F5F6-047E-B96B-9E24AC754139}.Release|Any CPU.ActiveCfg = Release|Any CPU
		{0F1856DA-F5F6-047E-B96B-9E24AC754139}.Release|Any CPU.Build.0 = Release|Any CPU
		{558847CB-4F0B-0F28-D820-4886B64C8A1E}.Debug|Any CPU.ActiveCfg = Debug|Any CPU
		{558847CB-4F0B-0F28-D820-4886B64C8A1E}.Debug|Any CPU.Build.0 = Debug|Any CPU
		{558847CB-4F0B-0F28-D820-4886B64C8A1E}.Release|Any CPU.ActiveCfg = Release|Any CPU
		{558847CB-4F0B-0F28-D820-4886B64C8A1E}.Release|Any CPU.Build.0 = Release|Any CPU
	EndGlobalSection
	GlobalSection(SolutionProperties) = preSolution
		HideSolutionNode = FALSE
	EndGlobalSection
	GlobalSection(NestedProjects) = preSolution
		{558847CB-4F0B-0F28-D820-4886B64C8A1E} = {7F3D6FCD-4246-00CD-D3EE-7F2DB698E96B}
	EndGlobalSection
	GlobalSection(ExtensibilityGlobals) = postSolution
		SolutionGuid = {175AA414-9DC6-46BE-9670-239D4FBB8D09}
	EndGlobalSection
EndGlobal
